
Microsoft Visual Studio Solution File, Format Version 12.00
# Visual Studio Version 17
VisualStudioVersion = 17.13.35931.197 d17.13
MinimumVisualStudioVersion = 10.0.40219.1
Project("{FAE04EC0-301F-11D3-BF4B-00C04F79EFBC}") = "Supermercado.Backend", "Supermercado.Backend\Supermercado.Backend.csproj", "{89276F76-10DD-4EF5-B407-C8067407A38B}"
EndProject
Project("{FAE04EC0-301F-11D3-BF4B-00C04F79EFBC}") = "Supermercado.Data", "Supermercado.Data\Supermercado.Data.csproj", "{459A3BB5-704F-424C-A551-5AB055F7C4FF}"
EndProject
Project("{FAE04EC0-301F-11D3-BF4B-00C04F79EFBC}") = "Supermercado.Abstractions.Models", "Supermercado.Abstractions.Models\Supermercado.Abstractions.Models.csproj", "{31461832-F429-439E-A060-D7127CDA71FA}"
EndProject
Project("{FAE04EC0-301F-11D3-BF4B-00C04F79EFBC}") = "Supermercado.Abstractions.Interfaces", "Supermercado.Abstractions.Interfaces\Supermercado.Abstractions.Interfaces.csproj", "{27A47A38-A97D-4A03-BF98-3462B43A72DE}"
EndProject
Global
	GlobalSection(SolutionConfigurationPlatforms) = preSolution
		Debug|Any CPU = Debug|Any CPU
		Release|Any CPU = Release|Any CPU
	EndGlobalSection
	GlobalSection(ProjectConfigurationPlatforms) = postSolution
		{89276F76-10DD-4EF5-B407-C8067407A38B}.Debug|Any CPU.ActiveCfg = Debug|Any CPU
		{89276F76-10DD-4EF5-B407-C8067407A38B}.Debug|Any CPU.Build.0 = Debug|Any CPU
		{89276F76-10DD-4EF5-B407-C8067407A38B}.Release|Any CPU.ActiveCfg = Release|Any CPU
		{89276F76-10DD-4EF5-B407-C8067407A38B}.Release|Any CPU.Build.0 = Release|Any CPU
		{459A3BB5-704F-424C-A551-5AB055F7C4FF}.Debug|Any CPU.ActiveCfg = Debug|Any CPU
		{459A3BB5-704F-424C-A551-5AB055F7C4FF}.Debug|Any CPU.Build.0 = Debug|Any CPU
		{459A3BB5-704F-424C-A551-5AB055F7C4FF}.Release|Any CPU.ActiveCfg = Release|Any CPU
		{459A3BB5-704F-424C-A551-5AB055F7C4FF}.Release|Any CPU.Build.0 = Release|Any CPU
		{31461832-F429-439E-A060-D7127CDA71FA}.Debug|Any CPU.ActiveCfg = Debug|Any CPU
		{31461832-F429-439E-A060-D7127CDA71FA}.Debug|Any CPU.Build.0 = Debug|Any CPU
		{31461832-F429-439E-A060-D7127CDA71FA}.Release|Any CPU.ActiveCfg = Release|Any CPU
		{31461832-F429-439E-A060-D7127CDA71FA}.Release|Any CPU.Build.0 = Release|Any CPU
		{27A47A38-A97D-4A03-BF98-3462B43A72DE}.Debug|Any CPU.ActiveCfg = Debug|Any CPU
		{27A47A38-A97D-4A03-BF98-3462B43A72DE}.Debug|Any CPU.Build.0 = Debug|Any CPU
		{27A47A38-A97D-4A03-BF98-3462B43A72DE}.Release|Any CPU.ActiveCfg = Release|Any CPU
		{27A47A38-A97D-4A03-BF98-3462B43A72DE}.Release|Any CPU.Build.0 = Release|Any CPU
	EndGlobalSection
	GlobalSection(SolutionProperties) = preSolution
		HideSolutionNode = FALSE
	EndGlobalSection
	GlobalSection(ExtensibilityGlobals) = postSolution
		SolutionGuid = {D405703B-F04D-4F9D-B0EE-64C05A74FFAC}
	EndGlobalSection
EndGlobal
